
Microsoft Visual Studio Solution File, Format Version 12.00
# Visual Studio Version 17
VisualStudioVersion = 17.5.33627.172
MinimumVisualStudioVersion = 10.0.40219.1
Project("{9A19103F-16F7-4668-BE54-9A1E7A4F7556}") = "ElectricStationMap", "ElectricStationMap\ElectricStationMap.csproj", "{88802DD5-892D-493C-A1FE-30BAAF26E32D}"
EndProject
Global
	GlobalSection(SolutionConfigurationPlatforms) = preSolution
		Debug|Any CPU = Debug|Any CPU
		Release|Any CPU = Release|Any CPU
	EndGlobalSection
	GlobalSection(ProjectConfigurationPlatforms) = postSolution
		{88802DD5-892D-493C-A1FE-30BAAF26E32D}.Debug|Any CPU.ActiveCfg = Debug|Any CPU
		{88802DD5-892D-493C-A1FE-30BAAF26E32D}.Debug|Any CPU.Build.0 = Debug|Any CPU
		{88802DD5-892D-493C-A1FE-30BAAF26E32D}.Release|Any CPU.ActiveCfg = Release|Any CPU
		{88802DD5-892D-493C-A1FE-30BAAF26E32D}.Release|Any CPU.Build.0 = Release|Any CPU
	EndGlobalSection
	GlobalSection(SolutionProperties) = preSolution
		HideSolutionNode = FALSE
	EndGlobalSection
	GlobalSection(ExtensibilityGlobals) = postSolution
		SolutionGuid = {0C1FCDD0-7239-4DC0-9470-98161A5A7883}
	EndGlobalSection
EndGlobal
